
Microsoft Visual Studio Solution File, Format Version 12.00
# Visual Studio Version 17
VisualStudioVersion = 17.11.35312.102
MinimumVisualStudioVersion = 10.0.40219.1
Project("{8BC9CEB8-8B4A-11D0-8D11-00A0C91BC942}") = "Thuchanh2", "Thuchanh2\Thuchanh2.vcxproj", "{674920C5-012C-48B7-B96C-5CBD8D347C21}"
EndProject
Project("{2150E333-8FDC-42A3-9474-1A3956D46DE8}") = "Chương 2", "Chương 2", "{D20D3D7A-1C79-49B2-B995-A6534237A951}"
EndProject
Project("{2150E333-8FDC-42A3-9474-1A3956D46DE8}") = "Chương 1", "Chương 1", "{667D8C39-6364-4588-82DC-8FF331A22FBB}"
EndProject
Project("{8BC9CEB8-8B4A-11D0-8D11-00A0C91BC942}") = "demo", "demo\demo.vcxproj", "{0E3A38FF-4436-4CAA-B8DB-36468D3A59A0}"
EndProject
Project("{8BC9CEB8-8B4A-11D0-8D11-00A0C91BC942}") = "Thuc hanh 2.2", "Thuc hanh 2.2\Thuc hanh 2.2.vcxproj", "{4DE09692-7D30-402C-94B9-B370CFE79E56}"
EndProject
Project("{2150E333-8FDC-42A3-9474-1A3956D46DE8}") = "Chương 3", "Chương 3", "{719C292C-FC96-405B-86A3-C7BD83189FCC}"
EndProject
Project("{8BC9CEB8-8B4A-11D0-8D11-00A0C91BC942}") = "Thuc hanh 3.1", "Thuc hanh 3.1\Thuc hanh 3.1.vcxproj", "{BF26B04F-D1A5-4BC9-82E5-CB2A2D4EB4EC}"
EndProject
Project("{8BC9CEB8-8B4A-11D0-8D11-00A0C91BC942}") = "Thuc hanh 3.2", "Thuc hanh 3.2\Thuc hanh 3.2.vcxproj", "{C00F558C-0A67-492A-8938-631435850DE4}"
EndProject
Project("{8BC9CEB8-8B4A-11D0-8D11-00A0C91BC942}") = "Thuc hanh 3.3", "Thuc hanh 3.3\Thuc hanh 3.3.vcxproj", "{6B71320B-2D80-423E-B469-12A90480A15C}"
EndProject
Project("{8BC9CEB8-8B4A-11D0-8D11-00A0C91BC942}") = "Thuc hanh 3.4", "Thuc hanh 3.4\Thuc hanh 3.4.vcxproj", "{3F327A7A-5FB4-4857-B5B1-6EA40FC628E0}"
EndProject
Project("{8BC9CEB8-8B4A-11D0-8D11-00A0C91BC942}") = "Thuc hanh 3.5", "Thuc hanh 3.5\Thuc hanh 3.5.vcxproj", "{491B255F-7679-4397-AFD8-77CEBFB8ECE5}"
EndProject
Project("{8BC9CEB8-8B4A-11D0-8D11-00A0C91BC942}") = "Thuc hanh 3.6", "Thuc hanh 3.6\Thuc hanh 3.6.vcxproj", "{0649BF6E-F21B-4694-BC3B-AED836A15EFA}"
EndProject
Project("{8BC9CEB8-8B4A-11D0-8D11-00A0C91BC942}") = "Thuc hanh 3.7", "Thuc hanh 3.7\Thuc hanh 3.7.vcxproj", "{E9C3032F-F394-45C8-8F66-AEC56C465F3D}"
EndProject
Project("{2150E333-8FDC-42A3-9474-1A3956D46DE8}") = "Chuong 4 IF else", "Chuong 4 IF else", "{0066112E-4B86-4D7E-909E-F73B34829E7D}"
EndProject
Project("{8BC9CEB8-8B4A-11D0-8D11-00A0C91BC942}") = "Thuc Hanh 4.1", "Thuc Hanh 4.1\Thuc Hanh 4.1.vcxproj", "{BFCF0FD4-73B3-4BD9-BFC3-C17A2354CA71}"
EndProject
Project("{8BC9CEB8-8B4A-11D0-8D11-00A0C91BC942}") = "Thuc Hanh 4.2", "Thuc Hanh 4.2\Thuc Hanh 4.2.vcxproj", "{BFD64260-5D30-4B4C-AC1D-8659688D610E}"
EndProject
Project("{8BC9CEB8-8B4A-11D0-8D11-00A0C91BC942}") = "Thuc Hanh 4.3", "Thuc Hanh 4.3\Thuc Hanh 4.3.vcxproj", "{1D2E2E89-2D74-469F-A7F1-DFBA5811BC3C}"
EndProject
Project("{8BC9CEB8-8B4A-11D0-8D11-00A0C91BC942}") = "Thuc Hanh 4.4", "Thuc Hanh 4.4\Thuc Hanh 4.4.vcxproj", "{0194E7BD-4572-4DA9-980B-DDE79959ECD8}"
EndProject
Project("{8BC9CEB8-8B4A-11D0-8D11-00A0C91BC942}") = "Thuc hanh 4.5", "Thuc hanh 4.5\Thuc hanh 4.5.vcxproj", "{698D516B-6897-449C-93DB-A81DF26DA5E4}"
EndProject
Project("{8BC9CEB8-8B4A-11D0-8D11-00A0C91BC942}") = "Thuc Hanh 4.6", "Thuc Hanh 4.6\Thuc Hanh 4.6.vcxproj", "{B3618E1A-9A2C-4E93-8E11-5ADB86C894D5}"
EndProject
Project("{8BC9CEB8-8B4A-11D0-8D11-00A0C91BC942}") = "Thuc Hanh 4.7", "Thuc Hanh 4.7\Thuc Hanh 4.7.vcxproj", "{0A845546-D71D-496C-886F-2D3B761AE46D}"
EndProject
Project("{8BC9CEB8-8B4A-11D0-8D11-00A0C91BC942}") = "Thuc Hanh 4.8", "Thuc Hanh 4.8\Thuc Hanh 4.8.vcxproj", "{BB279B12-19AC-43FA-898F-B6596298F639}"
EndProject
Project("{8BC9CEB8-8B4A-11D0-8D11-00A0C91BC942}") = "Thuc Hanh 4.9", "Thuc Hanh 4.9\Thuc Hanh 4.9.vcxproj", "{7E96BDD7-5C49-45E8-8DC8-125842FDB300}"
EndProject
Project("{8BC9CEB8-8B4A-11D0-8D11-00A0C91BC942}") = "Thuc Hanh 4.9.1", "Thuc Hanh 4.9.1\Thuc Hanh 4.9.1.vcxproj", "{D954D3A3-8BB6-48CD-9723-AFC4D44E8A87}"
EndProject
Project("{8BC9CEB8-8B4A-11D0-8D11-00A0C91BC942}") = "Thuc Hanh 4.9.2", "Thuc Hanh 4.9.2\Thuc Hanh 4.9.2.vcxproj", "{91626F13-01F0-4968-BB19-2DD16C73F07D}"
EndProject
Project("{8BC9CEB8-8B4A-11D0-8D11-00A0C91BC942}") = "Thuc Hanh 4.12", "Thuc Hanh 4.12\Thuc Hanh 4.12.vcxproj", "{1DE266CF-942B-4963-822E-0484C41BCCEF}"
EndProject
Project("{2150E333-8FDC-42A3-9474-1A3956D46DE8}") = "Chuong 5 Vong lap", "Chuong 5 Vong lap", "{CF762167-88E8-4AA0-A915-21D9CA70492F}"
EndProject
Project("{8BC9CEB8-8B4A-11D0-8D11-00A0C91BC942}") = "Thuc Hanh 1", "Thuc Hanh 1\Thuc Hanh 1.vcxproj", "{0035092B-C9E4-4F71-A727-6061B85F7E19}"
EndProject
Project("{8BC9CEB8-8B4A-11D0-8D11-00A0C91BC942}") = "Thuc Hanh 5.2", "Thuc Hanh 5.2\Thuc Hanh 5.2.vcxproj", "{CB179B5A-0C52-492F-89E9-B13E01C20C1D}"
EndProject
Project("{8BC9CEB8-8B4A-11D0-8D11-00A0C91BC942}") = "Thuc Hanh 5.3", "Thuc Hanh 5.3\Thuc Hanh 5.3.vcxproj", "{846EC07F-99B5-4605-8C33-22C37E1392C2}"
EndProject
Project("{8BC9CEB8-8B4A-11D0-8D11-00A0C91BC942}") = "Thuc Hanh 5.4", "Thuc Hanh 5.4\Thuc Hanh 5.4.vcxproj", "{662662D9-FB27-4A58-97FC-D8F05AD0F0CA}"
EndProject
Project("{8BC9CEB8-8B4A-11D0-8D11-00A0C91BC942}") = "Thuc Hanh 5.5", "Thuc Hanh 5.5\Thuc Hanh 5.5.vcxproj", "{863FBE58-AAC9-4C38-9C09-682A4D629A3E}"
EndProject
Project("{8BC9CEB8-8B4A-11D0-8D11-00A0C91BC942}") = "Thuc Hanh 5.6", "Thuc Hanh 5.6\Thuc Hanh 5.6.vcxproj", "{D7D3160D-C753-4689-86CF-0B0F8C7B96F1}"
EndProject
Project("{8BC9CEB8-8B4A-11D0-8D11-00A0C91BC942}") = "Thuc Hanh 5.7", "Thuc Hanh 5.7\Thuc Hanh 5.7.vcxproj", "{F698F1E2-AEC5-48B8-8C30-20804CB62786}"
EndProject
Project("{8BC9CEB8-8B4A-11D0-8D11-00A0C91BC942}") = "Thuc Hanh 5.8", "Thuc Hanh 5.8\Thuc Hanh 5.8.vcxproj", "{A3EE29B4-6B1E-45AA-86D8-096DD489544A}"
EndProject
Project("{8BC9CEB8-8B4A-11D0-8D11-00A0C91BC942}") = "Thuc Hanh 5.9", "Thuc Hanh 5.9\Thuc Hanh 5.9.vcxproj", "{AD887DF6-5FDE-4833-8E03-A68D028C95DB}"
EndProject
Project("{8BC9CEB8-8B4A-11D0-8D11-00A0C91BC942}") = "Thuc Hanh5.10.0", "Thuc Hanh5.10.0\Thuc Hanh5.10.0.vcxproj", "{E142ECAC-4C8D-4E2A-AF93-882BE89C3ABC}"
EndProject
Project("{8BC9CEB8-8B4A-11D0-8D11-00A0C91BC942}") = "Thuc Hanh 5.9.2", "Thuc Hanh 5.9.2\Thuc Hanh 5.9.2.vcxproj", "{0D7AEF79-7A03-4473-93D2-96E2A19936F4}"
EndProject
Project("{8BC9CEB8-8B4A-11D0-8D11-00A0C91BC942}") = "Thuc Hanh 5.9.3", "Thuc Hanh 5.9.3\Thuc Hanh 5.9.3.vcxproj", "{9D938177-9536-421E-9718-8E084FBFF1AD}"
EndProject
Project("{8BC9CEB8-8B4A-11D0-8D11-00A0C91BC942}") = "Thuc Hanh 5.9.4", "Thuc Hanh 5.9.4\Thuc Hanh 5.9.4.vcxproj", "{BCB73D0E-3DA0-416F-9096-194D50EF15A6}"
EndProject
Project("{2150E333-8FDC-42A3-9474-1A3956D46DE8}") = "Chuong 6 Pointer & Reference", "Chuong 6 Pointer & Reference", "{BB5DC04F-1A7B-4FBE-9AD5-5CF1DC5A570C}"
EndProject
Project("{8BC9CEB8-8B4A-11D0-8D11-00A0C91BC942}") = "Thuc Hanh 6.1", "Thuc Hanh 6.1\Thuc Hanh 6.1.vcxproj", "{14C9DC72-06B2-4AC8-A21D-08D259202DA1}"
EndProject
Global
	GlobalSection(SolutionConfigurationPlatforms) = preSolution
		Debug|x64 = Debug|x64
		Debug|x86 = Debug|x86
		Release|x64 = Release|x64
		Release|x86 = Release|x86
	EndGlobalSection
	GlobalSection(ProjectConfigurationPlatforms) = postSolution
		{674920C5-012C-48B7-B96C-5CBD8D347C21}.Debug|x64.ActiveCfg = Debug|x64
		{674920C5-012C-48B7-B96C-5CBD8D347C21}.Debug|x64.Build.0 = Debug|x64
		{674920C5-012C-48B7-B96C-5CBD8D347C21}.Debug|x86.ActiveCfg = Debug|Win32
		{674920C5-012C-48B7-B96C-5CBD8D347C21}.Debug|x86.Build.0 = Debug|Win32
		{674920C5-012C-48B7-B96C-5CBD8D347C21}.Release|x64.ActiveCfg = Release|x64
		{674920C5-012C-48B7-B96C-5CBD8D347C21}.Release|x64.Build.0 = Release|x64
		{674920C5-012C-48B7-B96C-5CBD8D347C21}.Release|x86.ActiveCfg = Release|Win32
		{674920C5-012C-48B7-B96C-5CBD8D347C21}.Release|x86.Build.0 = Release|Win32
		{0E3A38FF-4436-4CAA-B8DB-36468D3A59A0}.Debug|x64.ActiveCfg = Debug|x64
		{0E3A38FF-4436-4CAA-B8DB-36468D3A59A0}.Debug|x64.Build.0 = Debug|x64
		{0E3A38FF-4436-4CAA-B8DB-36468D3A59A0}.Debug|x86.ActiveCfg = Debug|Win32
		{0E3A38FF-4436-4CAA-B8DB-36468D3A59A0}.Debug|x86.Build.0 = Debug|Win32
		{0E3A38FF-4436-4CAA-B8DB-36468D3A59A0}.Release|x64.ActiveCfg = Release|x64
		{0E3A38FF-4436-4CAA-B8DB-36468D3A59A0}.Release|x64.Build.0 = Release|x64
		{0E3A38FF-4436-4CAA-B8DB-36468D3A59A0}.Release|x86.ActiveCfg = Release|Win32
		{0E3A38FF-4436-4CAA-B8DB-36468D3A59A0}.Release|x86.Build.0 = Release|Win32
		{4DE09692-7D30-402C-94B9-B370CFE79E56}.Debug|x64.ActiveCfg = Debug|x64
		{4DE09692-7D30-402C-94B9-B370CFE79E56}.Debug|x64.Build.0 = Debug|x64
		{4DE09692-7D30-402C-94B9-B370CFE79E56}.Debug|x86.ActiveCfg = Debug|Win32
		{4DE09692-7D30-402C-94B9-B370CFE79E56}.Debug|x86.Build.0 = Debug|Win32
		{4DE09692-7D30-402C-94B9-B370CFE79E56}.Release|x64.ActiveCfg = Release|x64
		{4DE09692-7D30-402C-94B9-B370CFE79E56}.Release|x64.Build.0 = Release|x64
		{4DE09692-7D30-402C-94B9-B370CFE79E56}.Release|x86.ActiveCfg = Release|Win32
		{4DE09692-7D30-402C-94B9-B370CFE79E56}.Release|x86.Build.0 = Release|Win32
		{BF26B04F-D1A5-4BC9-82E5-CB2A2D4EB4EC}.Debug|x64.ActiveCfg = Debug|x64
		{BF26B04F-D1A5-4BC9-82E5-CB2A2D4EB4EC}.Debug|x64.Build.0 = Debug|x64
		{BF26B04F-D1A5-4BC9-82E5-CB2A2D4EB4EC}.Debug|x86.ActiveCfg = Debug|Win32
		{BF26B04F-D1A5-4BC9-82E5-CB2A2D4EB4EC}.Debug|x86.Build.0 = Debug|Win32
		{BF26B04F-D1A5-4BC9-82E5-CB2A2D4EB4EC}.Release|x64.ActiveCfg = Release|x64
		{BF26B04F-D1A5-4BC9-82E5-CB2A2D4EB4EC}.Release|x64.Build.0 = Release|x64
		{BF26B04F-D1A5-4BC9-82E5-CB2A2D4EB4EC}.Release|x86.ActiveCfg = Release|Win32
		{BF26B04F-D1A5-4BC9-82E5-CB2A2D4EB4EC}.Release|x86.Build.0 = Release|Win32
		{C00F558C-0A67-492A-8938-631435850DE4}.Debug|x64.ActiveCfg = Debug|x64
		{C00F558C-0A67-492A-8938-631435850DE4}.Debug|x64.Build.0 = Debug|x64
		{C00F558C-0A67-492A-8938-631435850DE4}.Debug|x86.ActiveCfg = Debug|Win32
		{C00F558C-0A67-492A-8938-631435850DE4}.Debug|x86.Build.0 = Debug|Win32
		{C00F558C-0A67-492A-8938-631435850DE4}.Release|x64.ActiveCfg = Release|x64
		{C00F558C-0A67-492A-8938-631435850DE4}.Release|x64.Build.0 = Release|x64
		{C00F558C-0A67-492A-8938-631435850DE4}.Release|x86.ActiveCfg = Release|Win32
		{C00F558C-0A67-492A-8938-631435850DE4}.Release|x86.Build.0 = Release|Win32
		{6B71320B-2D80-423E-B469-12A90480A15C}.Debug|x64.ActiveCfg = Debug|x64
		{6B71320B-2D80-423E-B469-12A90480A15C}.Debug|x64.Build.0 = Debug|x64
		{6B71320B-2D80-423E-B469-12A90480A15C}.Debug|x86.ActiveCfg = Debug|Win32
		{6B71320B-2D80-423E-B469-12A90480A15C}.Debug|x86.Build.0 = Debug|Win32
		{6B71320B-2D80-423E-B469-12A90480A15C}.Release|x64.ActiveCfg = Release|x64
		{6B71320B-2D80-423E-B469-12A90480A15C}.Release|x64.Build.0 = Release|x64
		{6B71320B-2D80-423E-B469-12A90480A15C}.Release|x86.ActiveCfg = Release|Win32
		{6B71320B-2D80-423E-B469-12A90480A15C}.Release|x86.Build.0 = Release|Win32
		{3F327A7A-5FB4-4857-B5B1-6EA40FC628E0}.Debug|x64.ActiveCfg = Debug|x64
		{3F327A7A-5FB4-4857-B5B1-6EA40FC628E0}.Debug|x64.Build.0 = Debug|x64
		{3F327A7A-5FB4-4857-B5B1-6EA40FC628E0}.Debug|x86.ActiveCfg = Debug|Win32
		{3F327A7A-5FB4-4857-B5B1-6EA40FC628E0}.Debug|x86.Build.0 = Debug|Win32
		{3F327A7A-5FB4-4857-B5B1-6EA40FC628E0}.Release|x64.ActiveCfg = Release|x64
		{3F327A7A-5FB4-4857-B5B1-6EA40FC628E0}.Release|x64.Build.0 = Release|x64
		{3F327A7A-5FB4-4857-B5B1-6EA40FC628E0}.Release|x86.ActiveCfg = Release|Win32
		{3F327A7A-5FB4-4857-B5B1-6EA40FC628E0}.Release|x86.Build.0 = Release|Win32
		{491B255F-7679-4397-AFD8-77CEBFB8ECE5}.Debug|x64.ActiveCfg = Debug|x64
		{491B255F-7679-4397-AFD8-77CEBFB8ECE5}.Debug|x64.Build.0 = Debug|x64
		{491B255F-7679-4397-AFD8-77CEBFB8ECE5}.Debug|x86.ActiveCfg = Debug|Win32
		{491B255F-7679-4397-AFD8-77CEBFB8ECE5}.Debug|x86.Build.0 = Debug|Win32
		{491B255F-7679-4397-AFD8-77CEBFB8ECE5}.Release|x64.ActiveCfg = Release|x64
		{491B255F-7679-4397-AFD8-77CEBFB8ECE5}.Release|x64.Build.0 = Release|x64
		{491B255F-7679-4397-AFD8-77CEBFB8ECE5}.Release|x86.ActiveCfg = Release|Win32
		{491B255F-7679-4397-AFD8-77CEBFB8ECE5}.Release|x86.Build.0 = Release|Win32
		{0649BF6E-F21B-4694-BC3B-AED836A15EFA}.Debug|x64.ActiveCfg = Debug|x64
		{0649BF6E-F21B-4694-BC3B-AED836A15EFA}.Debug|x64.Build.0 = Debug|x64
		{0649BF6E-F21B-4694-BC3B-AED836A15EFA}.Debug|x86.ActiveCfg = Debug|Win32
		{0649BF6E-F21B-4694-BC3B-AED836A15EFA}.Debug|x86.Build.0 = Debug|Win32
		{0649BF6E-F21B-4694-BC3B-AED836A15EFA}.Release|x64.ActiveCfg = Release|x64
		{0649BF6E-F21B-4694-BC3B-AED836A15EFA}.Release|x64.Build.0 = Release|x64
		{0649BF6E-F21B-4694-BC3B-AED836A15EFA}.Release|x86.ActiveCfg = Release|Win32
		{0649BF6E-F21B-4694-BC3B-AED836A15EFA}.Release|x86.Build.0 = Release|Win32
		{E9C3032F-F394-45C8-8F66-AEC56C465F3D}.Debug|x64.ActiveCfg = Debug|x64
		{E9C3032F-F394-45C8-8F66-AEC56C465F3D}.Debug|x64.Build.0 = Debug|x64
		{E9C3032F-F394-45C8-8F66-AEC56C465F3D}.Debug|x86.ActiveCfg = Debug|Win32
		{E9C3032F-F394-45C8-8F66-AEC56C465F3D}.Debug|x86.Build.0 = Debug|Win32
		{E9C3032F-F394-45C8-8F66-AEC56C465F3D}.Release|x64.ActiveCfg = Release|x64
		{E9C3032F-F394-45C8-8F66-AEC56C465F3D}.Release|x64.Build.0 = Release|x64
		{E9C3032F-F394-45C8-8F66-AEC56C465F3D}.Release|x86.ActiveCfg = Release|Win32
		{E9C3032F-F394-45C8-8F66-AEC56C465F3D}.Release|x86.Build.0 = Release|Win32
		{BFCF0FD4-73B3-4BD9-BFC3-C17A2354CA71}.Debug|x64.ActiveCfg = Debug|x64
		{BFCF0FD4-73B3-4BD9-BFC3-C17A2354CA71}.Debug|x64.Build.0 = Debug|x64
		{BFCF0FD4-73B3-4BD9-BFC3-C17A2354CA71}.Debug|x86.ActiveCfg = Debug|Win32
		{BFCF0FD4-73B3-4BD9-BFC3-C17A2354CA71}.Debug|x86.Build.0 = Debug|Win32
		{BFCF0FD4-73B3-4BD9-BFC3-C17A2354CA71}.Release|x64.ActiveCfg = Release|x64
		{BFCF0FD4-73B3-4BD9-BFC3-C17A2354CA71}.Release|x64.Build.0 = Release|x64
		{BFCF0FD4-73B3-4BD9-BFC3-C17A2354CA71}.Release|x86.ActiveCfg = Release|Win32
		{BFCF0FD4-73B3-4BD9-BFC3-C17A2354CA71}.Release|x86.Build.0 = Release|Win32
		{BFD64260-5D30-4B4C-AC1D-8659688D610E}.Debug|x64.ActiveCfg = Debug|x64
		{BFD64260-5D30-4B4C-AC1D-8659688D610E}.Debug|x64.Build.0 = Debug|x64
		{BFD64260-5D30-4B4C-AC1D-8659688D610E}.Debug|x86.ActiveCfg = Debug|Win32
		{BFD64260-5D30-4B4C-AC1D-8659688D610E}.Debug|x86.Build.0 = Debug|Win32
		{BFD64260-5D30-4B4C-AC1D-8659688D610E}.Release|x64.ActiveCfg = Release|x64
		{BFD64260-5D30-4B4C-AC1D-8659688D610E}.Release|x64.Build.0 = Release|x64
		{BFD64260-5D30-4B4C-AC1D-8659688D610E}.Release|x86.ActiveCfg = Release|Win32
		{BFD64260-5D30-4B4C-AC1D-8659688D610E}.Release|x86.Build.0 = Release|Win32
		{1D2E2E89-2D74-469F-A7F1-DFBA5811BC3C}.Debug|x64.ActiveCfg = Debug|x64
		{1D2E2E89-2D74-469F-A7F1-DFBA5811BC3C}.Debug|x64.Build.0 = Debug|x64
		{1D2E2E89-2D74-469F-A7F1-DFBA5811BC3C}.Debug|x86.ActiveCfg = Debug|Win32
		{1D2E2E89-2D74-469F-A7F1-DFBA5811BC3C}.Debug|x86.Build.0 = Debug|Win32
		{1D2E2E89-2D74-469F-A7F1-DFBA5811BC3C}.Release|x64.ActiveCfg = Release|x64
		{1D2E2E89-2D74-469F-A7F1-DFBA5811BC3C}.Release|x64.Build.0 = Release|x64
		{1D2E2E89-2D74-469F-A7F1-DFBA5811BC3C}.Release|x86.ActiveCfg = Release|Win32
		{1D2E2E89-2D74-469F-A7F1-DFBA5811BC3C}.Release|x86.Build.0 = Release|Win32
		{0194E7BD-4572-4DA9-980B-DDE79959ECD8}.Debug|x64.ActiveCfg = Debug|x64
		{0194E7BD-4572-4DA9-980B-DDE79959ECD8}.Debug|x64.Build.0 = Debug|x64
		{0194E7BD-4572-4DA9-980B-DDE79959ECD8}.Debug|x86.ActiveCfg = Debug|Win32
		{0194E7BD-4572-4DA9-980B-DDE79959ECD8}.Debug|x86.Build.0 = Debug|Win32
		{0194E7BD-4572-4DA9-980B-DDE79959ECD8}.Release|x64.ActiveCfg = Release|x64
		{0194E7BD-4572-4DA9-980B-DDE79959ECD8}.Release|x64.Build.0 = Release|x64
		{0194E7BD-4572-4DA9-980B-DDE79959ECD8}.Release|x86.ActiveCfg = Release|Win32
		{0194E7BD-4572-4DA9-980B-DDE79959ECD8}.Release|x86.Build.0 = Release|Win32
		{698D516B-6897-449C-93DB-A81DF26DA5E4}.Debug|x64.ActiveCfg = Debug|x64
		{698D516B-6897-449C-93DB-A81DF26DA5E4}.Debug|x64.Build.0 = Debug|x64
		{698D516B-6897-449C-93DB-A81DF26DA5E4}.Debug|x86.ActiveCfg = Debug|Win32
		{698D516B-6897-449C-93DB-A81DF26DA5E4}.Debug|x86.Build.0 = Debug|Win32
		{698D516B-6897-449C-93DB-A81DF26DA5E4}.Release|x64.ActiveCfg = Release|x64
		{698D516B-6897-449C-93DB-A81DF26DA5E4}.Release|x64.Build.0 = Release|x64
		{698D516B-6897-449C-93DB-A81DF26DA5E4}.Release|x86.ActiveCfg = Release|Win32
		{698D516B-6897-449C-93DB-A81DF26DA5E4}.Release|x86.Build.0 = Release|Win32
		{B3618E1A-9A2C-4E93-8E11-5ADB86C894D5}.Debug|x64.ActiveCfg = Debug|x64
		{B3618E1A-9A2C-4E93-8E11-5ADB86C894D5}.Debug|x64.Build.0 = Debug|x64
		{B3618E1A-9A2C-4E93-8E11-5ADB86C894D5}.Debug|x86.ActiveCfg = Debug|Win32
		{B3618E1A-9A2C-4E93-8E11-5ADB86C894D5}.Debug|x86.Build.0 = Debug|Win32
		{B3618E1A-9A2C-4E93-8E11-5ADB86C894D5}.Release|x64.ActiveCfg = Release|x64
		{B3618E1A-9A2C-4E93-8E11-5ADB86C894D5}.Release|x64.Build.0 = Release|x64
		{B3618E1A-9A2C-4E93-8E11-5ADB86C894D5}.Release|x86.ActiveCfg = Release|Win32
		{B3618E1A-9A2C-4E93-8E11-5ADB86C894D5}.Release|x86.Build.0 = Release|Win32
		{0A845546-D71D-496C-886F-2D3B761AE46D}.Debug|x64.ActiveCfg = Debug|x64
		{0A845546-D71D-496C-886F-2D3B761AE46D}.Debug|x64.Build.0 = Debug|x64
		{0A845546-D71D-496C-886F-2D3B761AE46D}.Debug|x86.ActiveCfg = Debug|Win32
		{0A845546-D71D-496C-886F-2D3B761AE46D}.Debug|x86.Build.0 = Debug|Win32
		{0A845546-D71D-496C-886F-2D3B761AE46D}.Release|x64.ActiveCfg = Release|x64
		{0A845546-D71D-496C-886F-2D3B761AE46D}.Release|x64.Build.0 = Release|x64
		{0A845546-D71D-496C-886F-2D3B761AE46D}.Release|x86.ActiveCfg = Release|Win32
		{0A845546-D71D-496C-886F-2D3B761AE46D}.Release|x86.Build.0 = Release|Win32
		{BB279B12-19AC-43FA-898F-B6596298F639}.Debug|x64.ActiveCfg = Debug|x64
		{BB279B12-19AC-43FA-898F-B6596298F639}.Debug|x64.Build.0 = Debug|x64
		{BB279B12-19AC-43FA-898F-B6596298F639}.Debug|x86.ActiveCfg = Debug|Win32
		{BB279B12-19AC-43FA-898F-B6596298F639}.Debug|x86.Build.0 = Debug|Win32
		{BB279B12-19AC-43FA-898F-B6596298F639}.Release|x64.ActiveCfg = Release|x64
		{BB279B12-19AC-43FA-898F-B6596298F639}.Release|x64.Build.0 = Release|x64
		{BB279B12-19AC-43FA-898F-B6596298F639}.Release|x86.ActiveCfg = Release|Win32
		{BB279B12-19AC-43FA-898F-B6596298F639}.Release|x86.Build.0 = Release|Win32
		{7E96BDD7-5C49-45E8-8DC8-125842FDB300}.Debug|x64.ActiveCfg = Debug|x64
		{7E96BDD7-5C49-45E8-8DC8-125842FDB300}.Debug|x64.Build.0 = Debug|x64
		{7E96BDD7-5C49-45E8-8DC8-125842FDB300}.Debug|x86.ActiveCfg = Debug|Win32
		{7E96BDD7-5C49-45E8-8DC8-125842FDB300}.Debug|x86.Build.0 = Debug|Win32
		{7E96BDD7-5C49-45E8-8DC8-125842FDB300}.Release|x64.ActiveCfg = Release|x64
		{7E96BDD7-5C49-45E8-8DC8-125842FDB300}.Release|x64.Build.0 = Release|x64
		{7E96BDD7-5C49-45E8-8DC8-125842FDB300}.Release|x86.ActiveCfg = Release|Win32
		{7E96BDD7-5C49-45E8-8DC8-125842FDB300}.Release|x86.Build.0 = Release|Win32
		{D954D3A3-8BB6-48CD-9723-AFC4D44E8A87}.Debug|x64.ActiveCfg = Debug|x64
		{D954D3A3-8BB6-48CD-9723-AFC4D44E8A87}.Debug|x64.Build.0 = Debug|x64
		{D954D3A3-8BB6-48CD-9723-AFC4D44E8A87}.Debug|x86.ActiveCfg = Debug|Win32
		{D954D3A3-8BB6-48CD-9723-AFC4D44E8A87}.Debug|x86.Build.0 = Debug|Win32
		{D954D3A3-8BB6-48CD-9723-AFC4D44E8A87}.Release|x64.ActiveCfg = Release|x64
		{D954D3A3-8BB6-48CD-9723-AFC4D44E8A87}.Release|x64.Build.0 = Release|x64
		{D954D3A3-8BB6-48CD-9723-AFC4D44E8A87}.Release|x86.ActiveCfg = Release|Win32
		{D954D3A3-8BB6-48CD-9723-AFC4D44E8A87}.Release|x86.Build.0 = Release|Win32
		{91626F13-01F0-4968-BB19-2DD16C73F07D}.Debug|x64.ActiveCfg = Debug|x64
		{91626F13-01F0-4968-BB19-2DD16C73F07D}.Debug|x64.Build.0 = Debug|x64
		{91626F13-01F0-4968-BB19-2DD16C73F07D}.Debug|x86.ActiveCfg = Debug|Win32
		{91626F13-01F0-4968-BB19-2DD16C73F07D}.Debug|x86.Build.0 = Debug|Win32
		{91626F13-01F0-4968-BB19-2DD16C73F07D}.Release|x64.ActiveCfg = Release|x64
		{91626F13-01F0-4968-BB19-2DD16C73F07D}.Release|x64.Build.0 = Release|x64
		{91626F13-01F0-4968-BB19-2DD16C73F07D}.Release|x86.ActiveCfg = Release|Win32
		{91626F13-01F0-4968-BB19-2DD16C73F07D}.Release|x86.Build.0 = Release|Win32
		{1DE266CF-942B-4963-822E-0484C41BCCEF}.Debug|x64.ActiveCfg = Debug|x64
		{1DE266CF-942B-4963-822E-0484C41BCCEF}.Debug|x64.Build.0 = Debug|x64
		{1DE266CF-942B-4963-822E-0484C41BCCEF}.Debug|x86.ActiveCfg = Debug|Win32
		{1DE266CF-942B-4963-822E-0484C41BCCEF}.Debug|x86.Build.0 = Debug|Win32
		{1DE266CF-942B-4963-822E-0484C41BCCEF}.Release|x64.ActiveCfg = Release|x64
		{1DE266CF-942B-4963-822E-0484C41BCCEF}.Release|x64.Build.0 = Release|x64
		{1DE266CF-942B-4963-822E-0484C41BCCEF}.Release|x86.ActiveCfg = Release|Win32
		{1DE266CF-942B-4963-822E-0484C41BCCEF}.Release|x86.Build.0 = Release|Win32
		{0035092B-C9E4-4F71-A727-6061B85F7E19}.Debug|x64.ActiveCfg = Debug|x64
		{0035092B-C9E4-4F71-A727-6061B85F7E19}.Debug|x64.Build.0 = Debug|x64
		{0035092B-C9E4-4F71-A727-6061B85F7E19}.Debug|x86.ActiveCfg = Debug|Win32
		{0035092B-C9E4-4F71-A727-6061B85F7E19}.Debug|x86.Build.0 = Debug|Win32
		{0035092B-C9E4-4F71-A727-6061B85F7E19}.Release|x64.ActiveCfg = Release|x64
		{0035092B-C9E4-4F71-A727-6061B85F7E19}.Release|x64.Build.0 = Release|x64
		{0035092B-C9E4-4F71-A727-6061B85F7E19}.Release|x86.ActiveCfg = Release|Win32
		{0035092B-C9E4-4F71-A727-6061B85F7E19}.Release|x86.Build.0 = Release|Win32
		{CB179B5A-0C52-492F-89E9-B13E01C20C1D}.Debug|x64.ActiveCfg = Debug|x64
		{CB179B5A-0C52-492F-89E9-B13E01C20C1D}.Debug|x64.Build.0 = Debug|x64
		{CB179B5A-0C52-492F-89E9-B13E01C20C1D}.Debug|x86.ActiveCfg = Debug|Win32
		{CB179B5A-0C52-492F-89E9-B13E01C20C1D}.Debug|x86.Build.0 = Debug|Win32
		{CB179B5A-0C52-492F-89E9-B13E01C20C1D}.Release|x64.ActiveCfg = Release|x64
		{CB179B5A-0C52-492F-89E9-B13E01C20C1D}.Release|x64.Build.0 = Release|x64
		{CB179B5A-0C52-492F-89E9-B13E01C20C1D}.Release|x86.ActiveCfg = Release|Win32
		{CB179B5A-0C52-492F-89E9-B13E01C20C1D}.Release|x86.Build.0 = Release|Win32
		{846EC07F-99B5-4605-8C33-22C37E1392C2}.Debug|x64.ActiveCfg = Debug|x64
		{846EC07F-99B5-4605-8C33-22C37E1392C2}.Debug|x64.Build.0 = Debug|x64
		{846EC07F-99B5-4605-8C33-22C37E1392C2}.Debug|x86.ActiveCfg = Debug|Win32
		{846EC07F-99B5-4605-8C33-22C37E1392C2}.Debug|x86.Build.0 = Debug|Win32
		{846EC07F-99B5-4605-8C33-22C37E1392C2}.Release|x64.ActiveCfg = Release|x64
		{846EC07F-99B5-4605-8C33-22C37E1392C2}.Release|x64.Build.0 = Release|x64
		{846EC07F-99B5-4605-8C33-22C37E1392C2}.Release|x86.ActiveCfg = Release|Win32
		{846EC07F-99B5-4605-8C33-22C37E1392C2}.Release|x86.Build.0 = Release|Win32
		{662662D9-FB27-4A58-97FC-D8F05AD0F0CA}.Debug|x64.ActiveCfg = Debug|x64
		{662662D9-FB27-4A58-97FC-D8F05AD0F0CA}.Debug|x64.Build.0 = Debug|x64
		{662662D9-FB27-4A58-97FC-D8F05AD0F0CA}.Debug|x86.ActiveCfg = Debug|Win32
		{662662D9-FB27-4A58-97FC-D8F05AD0F0CA}.Debug|x86.Build.0 = Debug|Win32
		{662662D9-FB27-4A58-97FC-D8F05AD0F0CA}.Release|x64.ActiveCfg = Release|x64
		{662662D9-FB27-4A58-97FC-D8F05AD0F0CA}.Release|x64.Build.0 = Release|x64
		{662662D9-FB27-4A58-97FC-D8F05AD0F0CA}.Release|x86.ActiveCfg = Release|Win32
		{662662D9-FB27-4A58-97FC-D8F05AD0F0CA}.Release|x86.Build.0 = Release|Win32
		{863FBE58-AAC9-4C38-9C09-682A4D629A3E}.Debug|x64.ActiveCfg = Debug|x64
		{863FBE58-AAC9-4C38-9C09-682A4D629A3E}.Debug|x64.Build.0 = Debug|x64
		{863FBE58-AAC9-4C38-9C09-682A4D629A3E}.Debug|x86.ActiveCfg = Debug|Win32
		{863FBE58-AAC9-4C38-9C09-682A4D629A3E}.Debug|x86.Build.0 = Debug|Win32
		{863FBE58-AAC9-4C38-9C09-682A4D629A3E}.Release|x64.ActiveCfg = Release|x64
		{863FBE58-AAC9-4C38-9C09-682A4D629A3E}.Release|x64.Build.0 = Release|x64
		{863FBE58-AAC9-4C38-9C09-682A4D629A3E}.Release|x86.ActiveCfg = Release|Win32
		{863FBE58-AAC9-4C38-9C09-682A4D629A3E}.Release|x86.Build.0 = Release|Win32
		{D7D3160D-C753-4689-86CF-0B0F8C7B96F1}.Debug|x64.ActiveCfg = Debug|x64
		{D7D3160D-C753-4689-86CF-0B0F8C7B96F1}.Debug|x64.Build.0 = Debug|x64
		{D7D3160D-C753-4689-86CF-0B0F8C7B96F1}.Debug|x86.ActiveCfg = Debug|Win32
		{D7D3160D-C753-4689-86CF-0B0F8C7B96F1}.Debug|x86.Build.0 = Debug|Win32
		{D7D3160D-C753-4689-86CF-0B0F8C7B96F1}.Release|x64.ActiveCfg = Release|x64
		{D7D3160D-C753-4689-86CF-0B0F8C7B96F1}.Release|x64.Build.0 = Release|x64
		{D7D3160D-C753-4689-86CF-0B0F8C7B96F1}.Release|x86.ActiveCfg = Release|Win32
		{D7D3160D-C753-4689-86CF-0B0F8C7B96F1}.Release|x86.Build.0 = Release|Win32
		{F698F1E2-AEC5-48B8-8C30-20804CB62786}.Debug|x64.ActiveCfg = Debug|x64
		{F698F1E2-AEC5-48B8-8C30-20804CB62786}.Debug|x64.Build.0 = Debug|x64
		{F698F1E2-AEC5-48B8-8C30-20804CB62786}.Debug|x86.ActiveCfg = Debug|Win32
		{F698F1E2-AEC5-48B8-8C30-20804CB62786}.Debug|x86.Build.0 = Debug|Win32
		{F698F1E2-AEC5-48B8-8C30-20804CB62786}.Release|x64.ActiveCfg = Release|x64
		{F698F1E2-AEC5-48B8-8C30-20804CB62786}.Release|x64.Build.0 = Release|x64
		{F698F1E2-AEC5-48B8-8C30-20804CB62786}.Release|x86.ActiveCfg = Release|Win32
		{F698F1E2-AEC5-48B8-8C30-20804CB62786}.Release|x86.Build.0 = Release|Win32
		{A3EE29B4-6B1E-45AA-86D8-096DD489544A}.Debug|x64.ActiveCfg = Debug|x64
		{A3EE29B4-6B1E-45AA-86D8-096DD489544A}.Debug|x64.Build.0 = Debug|x64
		{A3EE29B4-6B1E-45AA-86D8-096DD489544A}.Debug|x86.ActiveCfg = Debug|Win32
		{A3EE29B4-6B1E-45AA-86D8-096DD489544A}.Debug|x86.Build.0 = Debug|Win32
		{A3EE29B4-6B1E-45AA-86D8-096DD489544A}.Release|x64.ActiveCfg = Release|x64
		{A3EE29B4-6B1E-45AA-86D8-096DD489544A}.Release|x64.Build.0 = Release|x64
		{A3EE29B4-6B1E-45AA-86D8-096DD489544A}.Release|x86.ActiveCfg = Release|Win32
		{A3EE29B4-6B1E-45AA-86D8-096DD489544A}.Release|x86.Build.0 = Release|Win32
		{AD887DF6-5FDE-4833-8E03-A68D028C95DB}.Debug|x64.ActiveCfg = Debug|x64
		{AD887DF6-5FDE-4833-8E03-A68D028C95DB}.Debug|x64.Build.0 = Debug|x64
		{AD887DF6-5FDE-4833-8E03-A68D028C95DB}.Debug|x86.ActiveCfg = Debug|Win32
		{AD887DF6-5FDE-4833-8E03-A68D028C95DB}.Debug|x86.Build.0 = Debug|Win32
		{AD887DF6-5FDE-4833-8E03-A68D028C95DB}.Release|x64.ActiveCfg = Release|x64
		{AD887DF6-5FDE-4833-8E03-A68D028C95DB}.Release|x64.Build.0 = Release|x64
		{AD887DF6-5FDE-4833-8E03-A68D028C95DB}.Release|x86.ActiveCfg = Release|Win32
		{AD887DF6-5FDE-4833-8E03-A68D028C95DB}.Release|x86.Build.0 = Release|Win32
		{E142ECAC-4C8D-4E2A-AF93-882BE89C3ABC}.Debug|x64.ActiveCfg = Debug|x64
		{E142ECAC-4C8D-4E2A-AF93-882BE89C3ABC}.Debug|x64.Build.0 = Debug|x64
		{E142ECAC-4C8D-4E2A-AF93-882BE89C3ABC}.Debug|x86.ActiveCfg = Debug|Win32
		{E142ECAC-4C8D-4E2A-AF93-882BE89C3ABC}.Debug|x86.Build.0 = Debug|Win32
		{E142ECAC-4C8D-4E2A-AF93-882BE89C3ABC}.Release|x64.ActiveCfg = Release|x64
		{E142ECAC-4C8D-4E2A-AF93-882BE89C3ABC}.Release|x64.Build.0 = Release|x64
		{E142ECAC-4C8D-4E2A-AF93-882BE89C3ABC}.Release|x86.ActiveCfg = Release|Win32
		{E142ECAC-4C8D-4E2A-AF93-882BE89C3ABC}.Release|x86.Build.0 = Release|Win32
		{0D7AEF79-7A03-4473-93D2-96E2A19936F4}.Debug|x64.ActiveCfg = Debug|x64
		{0D7AEF79-7A03-4473-93D2-96E2A19936F4}.Debug|x64.Build.0 = Debug|x64
		{0D7AEF79-7A03-4473-93D2-96E2A19936F4}.Debug|x86.ActiveCfg = Debug|Win32
		{0D7AEF79-7A03-4473-93D2-96E2A19936F4}.Debug|x86.Build.0 = Debug|Win32
		{0D7AEF79-7A03-4473-93D2-96E2A19936F4}.Release|x64.ActiveCfg = Release|x64
		{0D7AEF79-7A03-4473-93D2-96E2A19936F4}.Release|x64.Build.0 = Release|x64
		{0D7AEF79-7A03-4473-93D2-96E2A19936F4}.Release|x86.ActiveCfg = Release|Win32
		{0D7AEF79-7A03-4473-93D2-96E2A19936F4}.Release|x86.Build.0 = Release|Win32
		{9D938177-9536-421E-9718-8E084FBFF1AD}.Debug|x64.ActiveCfg = Debug|x64
		{9D938177-9536-421E-9718-8E084FBFF1AD}.Debug|x64.Build.0 = Debug|x64
		{9D938177-9536-421E-9718-8E084FBFF1AD}.Debug|x86.ActiveCfg = Debug|Win32
		{9D938177-9536-421E-9718-8E084FBFF1AD}.Debug|x86.Build.0 = Debug|Win32
		{9D938177-9536-421E-9718-8E084FBFF1AD}.Release|x64.ActiveCfg = Release|x64
		{9D938177-9536-421E-9718-8E084FBFF1AD}.Release|x64.Build.0 = Release|x64
		{9D938177-9536-421E-9718-8E084FBFF1AD}.Release|x86.ActiveCfg = Release|Win32
		{9D938177-9536-421E-9718-8E084FBFF1AD}.Release|x86.Build.0 = Release|Win32
		{BCB73D0E-3DA0-416F-9096-194D50EF15A6}.Debug|x64.ActiveCfg = Debug|x64
		{BCB73D0E-3DA0-416F-9096-194D50EF15A6}.Debug|x64.Build.0 = Debug|x64
		{BCB73D0E-3DA0-416F-9096-194D50EF15A6}.Debug|x86.ActiveCfg = Debug|Win32
		{BCB73D0E-3DA0-416F-9096-194D50EF15A6}.Debug|x86.Build.0 = Debug|Win32
		{BCB73D0E-3DA0-416F-9096-194D50EF15A6}.Release|x64.ActiveCfg = Release|x64
		{BCB73D0E-3DA0-416F-9096-194D50EF15A6}.Release|x64.Build.0 = Release|x64
		{BCB73D0E-3DA0-416F-9096-194D50EF15A6}.Release|x86.ActiveCfg = Release|Win32
		{BCB73D0E-3DA0-416F-9096-194D50EF15A6}.Release|x86.Build.0 = Release|Win32
		{14C9DC72-06B2-4AC8-A21D-08D259202DA1}.Debug|x64.ActiveCfg = Debug|x64
		{14C9DC72-06B2-4AC8-A21D-08D259202DA1}.Debug|x64.Build.0 = Debug|x64
		{14C9DC72-06B2-4AC8-A21D-08D259202DA1}.Debug|x86.ActiveCfg = Debug|Win32
		{14C9DC72-06B2-4AC8-A21D-08D259202DA1}.Debug|x86.Build.0 = Debug|Win32
		{14C9DC72-06B2-4AC8-A21D-08D259202DA1}.Release|x64.ActiveCfg = Release|x64
		{14C9DC72-06B2-4AC8-A21D-08D259202DA1}.Release|x64.Build.0 = Release|x64
		{14C9DC72-06B2-4AC8-A21D-08D259202DA1}.Release|x86.ActiveCfg = Release|Win32
		{14C9DC72-06B2-4AC8-A21D-08D259202DA1}.Release|x86.Build.0 = Release|Win32
	EndGlobalSection
	GlobalSection(SolutionProperties) = preSolution
		HideSolutionNode = FALSE
	EndGlobalSection
	GlobalSection(NestedProjects) = preSolution
		{674920C5-012C-48B7-B96C-5CBD8D347C21} = {D20D3D7A-1C79-49B2-B995-A6534237A951}
		{0E3A38FF-4436-4CAA-B8DB-36468D3A59A0} = {667D8C39-6364-4588-82DC-8FF331A22FBB}
		{4DE09692-7D30-402C-94B9-B370CFE79E56} = {D20D3D7A-1C79-49B2-B995-A6534237A951}
		{BF26B04F-D1A5-4BC9-82E5-CB2A2D4EB4EC} = {719C292C-FC96-405B-86A3-C7BD83189FCC}
		{C00F558C-0A67-492A-8938-631435850DE4} = {719C292C-FC96-405B-86A3-C7BD83189FCC}
		{6B71320B-2D80-423E-B469-12A90480A15C} = {719C292C-FC96-405B-86A3-C7BD83189FCC}
		{3F327A7A-5FB4-4857-B5B1-6EA40FC628E0} = {719C292C-FC96-405B-86A3-C7BD83189FCC}
		{491B255F-7679-4397-AFD8-77CEBFB8ECE5} = {719C292C-FC96-405B-86A3-C7BD83189FCC}
		{0649BF6E-F21B-4694-BC3B-AED836A15EFA} = {719C292C-FC96-405B-86A3-C7BD83189FCC}
		{E9C3032F-F394-45C8-8F66-AEC56C465F3D} = {719C292C-FC96-405B-86A3-C7BD83189FCC}
		{BFCF0FD4-73B3-4BD9-BFC3-C17A2354CA71} = {0066112E-4B86-4D7E-909E-F73B34829E7D}
		{BFD64260-5D30-4B4C-AC1D-8659688D610E} = {0066112E-4B86-4D7E-909E-F73B34829E7D}
		{1D2E2E89-2D74-469F-A7F1-DFBA5811BC3C} = {0066112E-4B86-4D7E-909E-F73B34829E7D}
		{0194E7BD-4572-4DA9-980B-DDE79959ECD8} = {0066112E-4B86-4D7E-909E-F73B34829E7D}
		{698D516B-6897-449C-93DB-A81DF26DA5E4} = {0066112E-4B86-4D7E-909E-F73B34829E7D}
		{B3618E1A-9A2C-4E93-8E11-5ADB86C894D5} = {0066112E-4B86-4D7E-909E-F73B34829E7D}
		{0A845546-D71D-496C-886F-2D3B761AE46D} = {0066112E-4B86-4D7E-909E-F73B34829E7D}
		{BB279B12-19AC-43FA-898F-B6596298F639} = {0066112E-4B86-4D7E-909E-F73B34829E7D}
		{7E96BDD7-5C49-45E8-8DC8-125842FDB300} = {0066112E-4B86-4D7E-909E-F73B34829E7D}
		{D954D3A3-8BB6-48CD-9723-AFC4D44E8A87} = {0066112E-4B86-4D7E-909E-F73B34829E7D}
		{91626F13-01F0-4968-BB19-2DD16C73F07D} = {0066112E-4B86-4D7E-909E-F73B34829E7D}
		{1DE266CF-942B-4963-822E-0484C41BCCEF} = {0066112E-4B86-4D7E-909E-F73B34829E7D}
		{0035092B-C9E4-4F71-A727-6061B85F7E19} = {CF762167-88E8-4AA0-A915-21D9CA70492F}
		{CB179B5A-0C52-492F-89E9-B13E01C20C1D} = {CF762167-88E8-4AA0-A915-21D9CA70492F}
		{846EC07F-99B5-4605-8C33-22C37E1392C2} = {CF762167-88E8-4AA0-A915-21D9CA70492F}
		{662662D9-FB27-4A58-97FC-D8F05AD0F0CA} = {CF762167-88E8-4AA0-A915-21D9CA70492F}
		{863FBE58-AAC9-4C38-9C09-682A4D629A3E} = {CF762167-88E8-4AA0-A915-21D9CA70492F}
		{D7D3160D-C753-4689-86CF-0B0F8C7B96F1} = {CF762167-88E8-4AA0-A915-21D9CA70492F}
		{F698F1E2-AEC5-48B8-8C30-20804CB62786} = {CF762167-88E8-4AA0-A915-21D9CA70492F}
		{A3EE29B4-6B1E-45AA-86D8-096DD489544A} = {CF762167-88E8-4AA0-A915-21D9CA70492F}
		{AD887DF6-5FDE-4833-8E03-A68D028C95DB} = {CF762167-88E8-4AA0-A915-21D9CA70492F}
		{E142ECAC-4C8D-4E2A-AF93-882BE89C3ABC} = {CF762167-88E8-4AA0-A915-21D9CA70492F}
		{0D7AEF79-7A03-4473-93D2-96E2A19936F4} = {CF762167-88E8-4AA0-A915-21D9CA70492F}
		{9D938177-9536-421E-9718-8E084FBFF1AD} = {CF762167-88E8-4AA0-A915-21D9CA70492F}
		{BCB73D0E-3DA0-416F-9096-194D50EF15A6} = {CF762167-88E8-4AA0-A915-21D9CA70492F}
		{14C9DC72-06B2-4AC8-A21D-08D259202DA1} = {BB5DC04F-1A7B-4FBE-9AD5-5CF1DC5A570C}
	EndGlobalSection
	GlobalSection(ExtensibilityGlobals) = postSolution
		SolutionGuid = {FCE67B7A-393B-489E-AEE4-567A735A5988}
	EndGlobalSection
EndGlobal
